{
  "name": "workflow",
  "version": "0.1.0",
  "lockfileVersion": 3,
  "requires": true,
  "packages": {
    "": {
      "version": "0.1.0",
      "dependencies": {
        "@aws-cdk/aws-dynamodb": "1.75.0",
        "@aws-cdk/aws-lambda": "1.75.0",
        "@aws-cdk/aws-lambda-event-sources": "1.75.0",
        "@aws-cdk/core": "1.75.0",
        "source-map-support": "^0.5.16"
      },
      "bin": {
        "workflow": "bin/workflow.js"
      },
      "devDependencies": {
        "@types/node": "^10.17.39",
        "aws-cdk": "1.203.0",
        "ts-node": "^8.10.2",
        "typescript": "~3.7.2"
      }
    },
    "node_modules/@aws-cdk/assets": {
      "version": "1.75.0",
      "resolved": "https://registry.npmjs.org/@aws-cdk/assets/-/assets-1.75.0.tgz",
      "integrity": "sha512-KIW9cLyJ5fVfkGyxiyDbfmFyijNducYiSQMs6drxjk0Ae+ydWjkvsinozcXHeo2vW2h1kAANHdH/d8ipzSMjJQ==",
      "dependencies": {
        "@aws-cdk/core": "1.75.0",
        "@aws-cdk/cx-api": "1.75.0",
        "constructs": "^3.2.0"
      },
      "engines": {
        "node": ">= 10.13.0 <13 || >=13.7.0"
      },
      "peerDependencies": {
        "@aws-cdk/core": "1.75.0",
        "@aws-cdk/cx-api": "1.75.0",
        "constructs": "^3.2.0"
      }
    },
    "node_modules/@aws-cdk/aws-apigateway": {
      "version": "1.75.0",
      "resolved": "https://registry.npmjs.org/@aws-cdk/aws-apigateway/-/aws-apigateway-1.75.0.tgz",
      "integrity": "sha512-GWi+/AoSnIcwpKrsz4+l1gEnn2Kdsf1hsPAU8YYXDkATH/5YdGdioGIWJnq+Gop/JiQigvEJlB8sNwwaQn8sOQ==",
      "dependencies": {
        "@aws-cdk/assets": "1.75.0",
        "@aws-cdk/aws-certificatemanager": "1.75.0",
        "@aws-cdk/aws-cloudwatch": "1.75.0",
        "@aws-cdk/aws-ec2": "1.75.0",
        "@aws-cdk/aws-elasticloadbalancingv2": "1.75.0",
        "@aws-cdk/aws-iam": "1.75.0",
        "@aws-cdk/aws-lambda": "1.75.0",
        "@aws-cdk/aws-logs": "1.75.0",
        "@aws-cdk/aws-s3": "1.75.0",
        "@aws-cdk/aws-s3-assets": "1.75.0",
        "@aws-cdk/core": "1.75.0",
        "@aws-cdk/cx-api": "1.75.0",
        "constructs": "^3.2.0"
      },
      "engines": {
        "node": ">= 10.13.0 <13 || >=13.7.0"
      },
      "peerDependencies": {
        "@aws-cdk/assets": "1.75.0",
        "@aws-cdk/aws-certificatemanager": "1.75.0",
        "@aws-cdk/aws-cloudwatch": "1.75.0",
        "@aws-cdk/aws-ec2": "1.75.0",
        "@aws-cdk/aws-elasticloadbalancingv2": "1.75.0",
        "@aws-cdk/aws-iam": "1.75.0",
        "@aws-cdk/aws-lambda": "1.75.0",
        "@aws-cdk/aws-logs": "1.75.0",
        "@aws-cdk/aws-s3": "1.75.0",
        "@aws-cdk/aws-s3-assets": "1.75.0",
        "@aws-cdk/core": "1.75.0",
        "@aws-cdk/cx-api": "1.75.0",
        "constructs": "^3.2.0"
      }
    },
    "node_modules/@aws-cdk/aws-applicationautoscaling": {
      "version": "1.75.0",
      "resolved": "https://registry.npmjs.org/@aws-cdk/aws-applicationautoscaling/-/aws-applicationautoscaling-1.75.0.tgz",
      "integrity": "sha512-0koG/9LaTytttTKFXTWjEWlq8R/uVTONaz2XCKkI2jOFHDCH5iWQPgaxSHzxz+gY8IoYOX8+8BRUbQ8SeSoyvQ==",
      "dependencies": {
        "@aws-cdk/aws-autoscaling-common": "1.75.0",
        "@aws-cdk/aws-cloudwatch": "1.75.0",
        "@aws-cdk/aws-iam": "1.75.0",
        "@aws-cdk/core": "1.75.0",
        "constructs": "^3.2.0"
      },
      "engines": {
        "node": ">= 10.13.0 <13 || >=13.7.0"
      },
      "peerDependencies": {
        "@aws-cdk/aws-autoscaling-common": "1.75.0",
        "@aws-cdk/aws-cloudwatch": "1.75.0",
        "@aws-cdk/aws-iam": "1.75.0",
        "@aws-cdk/core": "1.75.0",
        "constructs": "^3.2.0"
      }
    },
    "node_modules/@aws-cdk/aws-autoscaling-common": {
      "version": "1.75.0",
      "resolved": "https://registry.npmjs.org/@aws-cdk/aws-autoscaling-common/-/aws-autoscaling-common-1.75.0.tgz",
      "integrity": "sha512-YyiJx4DxqtaTK+DrcgR4vQ/ipFPTK5hQmEhTtt+u6BAmWlMgVzqJF7ELFva6jVSKZp+GbyvrtT25Lv3nxbJi6w==",
      "dependencies": {
        "@aws-cdk/aws-iam": "1.75.0",
        "@aws-cdk/core": "1.75.0",
        "constructs": "^3.2.0"
      },
      "engines": {
        "node": ">= 10.13.0 <13 || >=13.7.0"
      },
      "peerDependencies": {
        "@aws-cdk/aws-iam": "1.75.0",
        "@aws-cdk/core": "1.75.0",
        "constructs": "^3.2.0"
      }
    },
    "node_modules/@aws-cdk/aws-certificatemanager": {
      "version": "1.75.0",
      "resolved": "https://registry.npmjs.org/@aws-cdk/aws-certificatemanager/-/aws-certificatemanager-1.75.0.tgz",
      "integrity": "sha512-OyEEI7DSLoqjpPDigOfxng7h9W7JPY9xB/4H8jmZ0BlR+TqFTyp3wv+cx50q2vfIWCOXF1b2UjbESDdQ2XoZJQ==",
      "dependencies": {
        "@aws-cdk/aws-iam": "1.75.0",
        "@aws-cdk/aws-lambda": "1.75.0",
        "@aws-cdk/aws-route53": "1.75.0",
        "@aws-cdk/core": "1.75.0",
        "constructs": "^3.2.0"
      },
      "engines": {
        "node": ">= 10.13.0 <13 || >=13.7.0"
      },
      "peerDependencies": {
        "@aws-cdk/aws-iam": "1.75.0",
        "@aws-cdk/aws-lambda": "1.75.0",
        "@aws-cdk/aws-route53": "1.75.0",
        "@aws-cdk/core": "1.75.0",
        "constructs": "^3.2.0"
      }
    },
    "node_modules/@aws-cdk/aws-cloudformation": {
      "version": "1.75.0",
      "resolved": "https://registry.npmjs.org/@aws-cdk/aws-cloudformation/-/aws-cloudformation-1.75.0.tgz",
      "integrity": "sha512-fv3i6eH4wxXQKXwwRzGenhSsmyKfdIaWwBMtkNx4DT8U37cTj8weTa2JQfGZFNCDO/oQlV+lCeL7NwR5Igb6TQ==",
      "dependencies": {
        "@aws-cdk/aws-iam": "1.75.0",
        "@aws-cdk/aws-lambda": "1.75.0",
        "@aws-cdk/aws-s3": "1.75.0",
        "@aws-cdk/aws-sns": "1.75.0",
        "@aws-cdk/core": "1.75.0",
        "@aws-cdk/cx-api": "1.75.0",
        "constructs": "^3.2.0"
      },
      "engines": {
        "node": ">= 10.13.0 <13 || >=13.7.0"
      },
      "peerDependencies": {
        "@aws-cdk/aws-iam": "1.75.0",
        "@aws-cdk/aws-lambda": "1.75.0",
        "@aws-cdk/aws-s3": "1.75.0",
        "@aws-cdk/aws-sns": "1.75.0",
        "@aws-cdk/core": "1.75.0",
        "@aws-cdk/cx-api": "1.75.0",
        "constructs": "^3.2.0"
      }
    },
    "node_modules/@aws-cdk/aws-cloudwatch": {
      "version": "1.75.0",
      "resolved": "https://registry.npmjs.org/@aws-cdk/aws-cloudwatch/-/aws-cloudwatch-1.75.0.tgz",
      "integrity": "sha512-jqIcyg8YxjhZRQ642K/ApKY6JaQtHWwXmLiHko+SCMHG6yUYS3xupzopGuC0GhsjKgwkP6ZzYXJpaZEqez9aHQ==",
      "dependencies": {
        "@aws-cdk/aws-iam": "1.75.0",
        "@aws-cdk/core": "1.75.0",
        "constructs": "^3.2.0"
      },
      "engines": {
        "node": ">= 10.13.0 <13 || >=13.7.0"
      },
      "peerDependencies": {
        "@aws-cdk/aws-iam": "1.75.0",
        "@aws-cdk/core": "1.75.0",
        "constructs": "^3.2.0"
      }
    },
    "node_modules/@aws-cdk/aws-codeguruprofiler": {
      "version": "1.75.0",
      "resolved": "https://registry.npmjs.org/@aws-cdk/aws-codeguruprofiler/-/aws-codeguruprofiler-1.75.0.tgz",
      "integrity": "sha512-WXUCDuFwm2rYA+/E+Ja9vuOUdRgSIu8fnh13RaDWO+zLH5MTc02WiPi7rLjat5gzjA1QQ2cVzZLsorCNqywcOQ==",
      "dependencies": {
        "@aws-cdk/aws-iam": "1.75.0",
        "@aws-cdk/core": "1.75.0",
        "constructs": "^3.2.0"
      },
      "engines": {
        "node": ">= 10.13.0 <13 || >=13.7.0"
      },
      "peerDependencies": {
        "@aws-cdk/aws-iam": "1.75.0",
        "@aws-cdk/core": "1.75.0",
        "constructs": "^3.2.0"
      }
    },
    "node_modules/@aws-cdk/aws-dynamodb": {
      "version": "1.75.0",
      "resolved": "https://registry.npmjs.org/@aws-cdk/aws-dynamodb/-/aws-dynamodb-1.75.0.tgz",
      "integrity": "sha512-nUMh1A1jdNHgObuTFKCt9L09Aw0t2Lj5rYUmEgzTfCmQrtaTUqx3UvD1CudMKbr6VQ7cwNeDTZbOooGxQht6Kw==",
      "dependencies": {
        "@aws-cdk/aws-applicationautoscaling": "1.75.0",
        "@aws-cdk/aws-cloudwatch": "1.75.0",
        "@aws-cdk/aws-iam": "1.75.0",
        "@aws-cdk/aws-kms": "1.75.0",
        "@aws-cdk/aws-lambda": "1.75.0",
        "@aws-cdk/core": "1.75.0",
        "@aws-cdk/custom-resources": "1.75.0",
        "constructs": "^3.2.0"
      },
      "engines": {
        "node": ">= 10.13.0 <13 || >=13.7.0"
      },
      "peerDependencies": {
        "@aws-cdk/aws-applicationautoscaling": "1.75.0",
        "@aws-cdk/aws-cloudwatch": "1.75.0",
        "@aws-cdk/aws-iam": "1.75.0",
        "@aws-cdk/aws-kms": "1.75.0",
        "@aws-cdk/aws-lambda": "1.75.0",
        "@aws-cdk/core": "1.75.0",
        "@aws-cdk/custom-resources": "1.75.0",
        "constructs": "^3.2.0"
      }
    },
    "node_modules/@aws-cdk/aws-ec2": {
      "version": "1.75.0",
      "resolved": "https://registry.npmjs.org/@aws-cdk/aws-ec2/-/aws-ec2-1.75.0.tgz",
      "integrity": "sha512-rfdOzCM1URIDcach1ygRpjUDr4O00k4WSm2LqnXW94/izJU+kLILo5a84rgLoBQH6CI95lLdSIsawBrexAJXow==",
      "dependencies": {
        "@aws-cdk/aws-cloudwatch": "1.75.0",
        "@aws-cdk/aws-iam": "1.75.0",
        "@aws-cdk/aws-kms": "1.75.0",
        "@aws-cdk/aws-logs": "1.75.0",
        "@aws-cdk/aws-s3": "1.75.0",
        "@aws-cdk/aws-s3-assets": "1.75.0",
        "@aws-cdk/aws-ssm": "1.75.0",
        "@aws-cdk/cloud-assembly-schema": "1.75.0",
        "@aws-cdk/core": "1.75.0",
        "@aws-cdk/cx-api": "1.75.0",
        "@aws-cdk/region-info": "1.75.0",
        "constructs": "^3.2.0"
      },
      "engines": {
        "node": ">= 10.13.0 <13 || >=13.7.0"
      },
      "peerDependencies": {
        "@aws-cdk/assets": "1.75.0",
        "@aws-cdk/aws-cloudwatch": "1.75.0",
        "@aws-cdk/aws-iam": "1.75.0",
        "@aws-cdk/aws-kms": "1.75.0",
        "@aws-cdk/aws-logs": "1.75.0",
        "@aws-cdk/aws-s3": "1.75.0",
        "@aws-cdk/aws-s3-assets": "1.75.0",
        "@aws-cdk/aws-ssm": "1.75.0",
        "@aws-cdk/cloud-assembly-schema": "1.75.0",
        "@aws-cdk/core": "1.75.0",
        "@aws-cdk/cx-api": "1.75.0",
        "@aws-cdk/region-info": "1.75.0",
        "constructs": "^3.2.0"
      }
    },
    "node_modules/@aws-cdk/aws-efs": {
      "version": "1.75.0",
      "resolved": "https://registry.npmjs.org/@aws-cdk/aws-efs/-/aws-efs-1.75.0.tgz",
      "integrity": "sha512-k/tCHvkELzyeNfY+Lwow652dn5cueUDYP5bjM0IZQ42kT6u5Bl8W6IRVq50MGNHGx/37haNX2UIqtdvTnN7w0A==",
      "dependencies": {
        "@aws-cdk/aws-ec2": "1.75.0",
        "@aws-cdk/aws-kms": "1.75.0",
        "@aws-cdk/cloud-assembly-schema": "1.75.0",
        "@aws-cdk/core": "1.75.0",
        "@aws-cdk/cx-api": "1.75.0",
        "constructs": "^3.2.0"
      },
      "engines": {
        "node": ">= 10.13.0 <13 || >=13.7.0"
      },
      "peerDependencies": {
        "@aws-cdk/aws-ec2": "1.75.0",
        "@aws-cdk/aws-kms": "1.75.0",
        "@aws-cdk/cloud-assembly-schema": "1.75.0",
        "@aws-cdk/core": "1.75.0",
        "@aws-cdk/cx-api": "1.75.0",
        "constructs": "^3.2.0"
      }
    },
    "node_modules/@aws-cdk/aws-elasticloadbalancingv2": {
      "version": "1.75.0",
      "resolved": "https://registry.npmjs.org/@aws-cdk/aws-elasticloadbalancingv2/-/aws-elasticloadbalancingv2-1.75.0.tgz",
      "integrity": "sha512-rQiM1HXY8eg/XXvCMPKnilSprTJOG+/irJASaVBL1eiNNrb91pMOAfIp/u7gBDlpCbCICCA4f5G6yOF5vcYSlg==",
      "dependencies": {
        "@aws-cdk/aws-certificatemanager": "1.75.0",
        "@aws-cdk/aws-cloudwatch": "1.75.0",
        "@aws-cdk/aws-ec2": "1.75.0",
        "@aws-cdk/aws-iam": "1.75.0",
        "@aws-cdk/aws-lambda": "1.75.0",
        "@aws-cdk/aws-s3": "1.75.0",
        "@aws-cdk/cloud-assembly-schema": "1.75.0",
        "@aws-cdk/core": "1.75.0",
        "@aws-cdk/cx-api": "1.75.0",
        "@aws-cdk/region-info": "1.75.0",
        "constructs": "^3.2.0"
      },
      "engines": {
        "node": ">= 10.13.0 <13 || >=13.7.0"
      },
      "peerDependencies": {
        "@aws-cdk/aws-certificatemanager": "1.75.0",
        "@aws-cdk/aws-cloudwatch": "1.75.0",
        "@aws-cdk/aws-ec2": "1.75.0",
        "@aws-cdk/aws-iam": "1.75.0",
        "@aws-cdk/aws-lambda": "1.75.0",
        "@aws-cdk/aws-s3": "1.75.0",
        "@aws-cdk/cloud-assembly-schema": "1.75.0",
        "@aws-cdk/core": "1.75.0",
        "@aws-cdk/cx-api": "1.75.0",
        "@aws-cdk/region-info": "1.75.0",
        "constructs": "^3.2.0"
      }
    },
    "node_modules/@aws-cdk/aws-events": {
      "version": "1.75.0",
      "resolved": "https://registry.npmjs.org/@aws-cdk/aws-events/-/aws-events-1.75.0.tgz",
      "integrity": "sha512-SAAya1UC4Wbj1rLtCDgAIsa/TibteILmHEtMQYTrNIxsY+726xliFm5BlngatbQZZyFg8V16oHbL7t0mGroqPA==",
      "dependencies": {
        "@aws-cdk/aws-iam": "1.75.0",
        "@aws-cdk/core": "1.75.0",
        "constructs": "^3.2.0"
      },
      "engines": {
        "node": ">= 10.13.0 <13 || >=13.7.0"
      },
      "peerDependencies": {
        "@aws-cdk/aws-iam": "1.75.0",
        "@aws-cdk/core": "1.75.0",
        "constructs": "^3.2.0"
      }
    },
    "node_modules/@aws-cdk/aws-iam": {
      "version": "1.75.0",
      "resolved": "https://registry.npmjs.org/@aws-cdk/aws-iam/-/aws-iam-1.75.0.tgz",
      "integrity": "sha512-yTxQlr3ZfsA93zB6+jQSiwlRLwWNsIIONDB9vzn83X0oxcjaFIghENJ9YjzwtPCQbD5L1r/NDwn7ZW0VEwlgtg==",
      "dependencies": {
        "@aws-cdk/core": "1.75.0",
        "@aws-cdk/region-info": "1.75.0",
        "constructs": "^3.2.0"
      },
      "engines": {
        "node": ">= 10.13.0 <13 || >=13.7.0"
      },
      "peerDependencies": {
        "@aws-cdk/core": "1.75.0",
        "@aws-cdk/region-info": "1.75.0",
        "constructs": "^3.2.0"
      }
    },
    "node_modules/@aws-cdk/aws-kinesis": {
      "version": "1.75.0",
      "resolved": "https://registry.npmjs.org/@aws-cdk/aws-kinesis/-/aws-kinesis-1.75.0.tgz",
      "integrity": "sha512-77z1vzzMTKiNKJwHpFUX45QUrSO8t3v5DM8dSrWTbC9yNsoZXhGUNodAOFygUgoX1PkJxyJpEGXPWELsoj0OZA==",
      "dependencies": {
        "@aws-cdk/aws-iam": "1.75.0",
        "@aws-cdk/aws-kms": "1.75.0",
        "@aws-cdk/aws-logs": "1.75.0",
        "@aws-cdk/core": "1.75.0",
        "constructs": "^3.2.0"
      },
      "engines": {
        "node": ">= 10.13.0 <13 || >=13.7.0"
      },
      "peerDependencies": {
        "@aws-cdk/aws-iam": "1.75.0",
        "@aws-cdk/aws-kms": "1.75.0",
        "@aws-cdk/aws-logs": "1.75.0",
        "@aws-cdk/core": "1.75.0",
        "constructs": "^3.2.0"
      }
    },
    "node_modules/@aws-cdk/aws-kms": {
      "version": "1.75.0",
      "resolved": "https://registry.npmjs.org/@aws-cdk/aws-kms/-/aws-kms-1.75.0.tgz",
      "integrity": "sha512-UckWCc9u3Ft+6uv+U693NoazYweUq+VTMg1R9aMIw4ieHVNg+AFQzSZL+Et5X1788Cb69GTem0wTTIiRiVlwpg==",
      "dependencies": {
        "@aws-cdk/aws-iam": "1.75.0",
        "@aws-cdk/core": "1.75.0",
        "constructs": "^3.2.0"
      },
      "engines": {
        "node": ">= 10.13.0 <13 || >=13.7.0"
      },
      "peerDependencies": {
        "@aws-cdk/aws-iam": "1.75.0",
        "@aws-cdk/core": "1.75.0",
        "constructs": "^3.2.0"
      }
    },
    "node_modules/@aws-cdk/aws-lambda": {
      "version": "1.75.0",
      "resolved": "https://registry.npmjs.org/@aws-cdk/aws-lambda/-/aws-lambda-1.75.0.tgz",
      "integrity": "sha512-tvdUZT5f+jJvBHLUvP5u9Vm79pcN6d+5w83h2vFC3WJ7A0hMfglbOFpwwPbpBvq6cn6ZqmlkRjSc5XQKmDVJqw==",
      "dependencies": {
        "@aws-cdk/aws-applicationautoscaling": "1.75.0",
        "@aws-cdk/aws-cloudwatch": "1.75.0",
        "@aws-cdk/aws-codeguruprofiler": "1.75.0",
        "@aws-cdk/aws-ec2": "1.75.0",
        "@aws-cdk/aws-efs": "1.75.0",
        "@aws-cdk/aws-events": "1.75.0",
        "@aws-cdk/aws-iam": "1.75.0",
        "@aws-cdk/aws-logs": "1.75.0",
        "@aws-cdk/aws-s3": "1.75.0",
        "@aws-cdk/aws-s3-assets": "1.75.0",
        "@aws-cdk/aws-sqs": "1.75.0",
        "@aws-cdk/core": "1.75.0",
        "@aws-cdk/cx-api": "1.75.0",
        "constructs": "^3.2.0"
      },
      "engines": {
        "node": ">= 10.13.0 <13 || >=13.7.0"
      },
      "peerDependencies": {
        "@aws-cdk/aws-applicationautoscaling": "1.75.0",
        "@aws-cdk/aws-cloudwatch": "1.75.0",
        "@aws-cdk/aws-codeguruprofiler": "1.75.0",
        "@aws-cdk/aws-ec2": "1.75.0",
        "@aws-cdk/aws-efs": "1.75.0",
        "@aws-cdk/aws-events": "1.75.0",
        "@aws-cdk/aws-iam": "1.75.0",
        "@aws-cdk/aws-logs": "1.75.0",
        "@aws-cdk/aws-s3": "1.75.0",
        "@aws-cdk/aws-s3-assets": "1.75.0",
        "@aws-cdk/aws-sqs": "1.75.0",
        "@aws-cdk/core": "1.75.0",
        "@aws-cdk/cx-api": "1.75.0",
        "constructs": "^3.2.0"
      }
    },
    "node_modules/@aws-cdk/aws-lambda-event-sources": {
      "version": "1.75.0",
      "resolved": "https://registry.npmjs.org/@aws-cdk/aws-lambda-event-sources/-/aws-lambda-event-sources-1.75.0.tgz",
      "integrity": "sha512-Oub3kYfV/LKwGHNb7thY0SsPLScApNcU2Ne8yves3Drg1Dva4ZjIsT4mgkRgrPVoRdIca7wnlDhCPoRyXmkhWA==",
      "dependencies": {
        "@aws-cdk/aws-apigateway": "1.75.0",
        "@aws-cdk/aws-dynamodb": "1.75.0",
        "@aws-cdk/aws-events": "1.75.0",
        "@aws-cdk/aws-iam": "1.75.0",
        "@aws-cdk/aws-kinesis": "1.75.0",
        "@aws-cdk/aws-lambda": "1.75.0",
        "@aws-cdk/aws-s3": "1.75.0",
        "@aws-cdk/aws-s3-notifications": "1.75.0",
        "@aws-cdk/aws-sns": "1.75.0",
        "@aws-cdk/aws-sns-subscriptions": "1.75.0",
        "@aws-cdk/aws-sqs": "1.75.0",
        "@aws-cdk/core": "1.75.0",
        "constructs": "^3.2.0"
      },
      "engines": {
        "node": ">= 10.13.0 <13 || >=13.7.0"
      },
      "peerDependencies": {
        "@aws-cdk/aws-apigateway": "1.75.0",
        "@aws-cdk/aws-dynamodb": "1.75.0",
        "@aws-cdk/aws-events": "1.75.0",
        "@aws-cdk/aws-iam": "1.75.0",
        "@aws-cdk/aws-kinesis": "1.75.0",
        "@aws-cdk/aws-lambda": "1.75.0",
        "@aws-cdk/aws-s3": "1.75.0",
        "@aws-cdk/aws-s3-notifications": "1.75.0",
        "@aws-cdk/aws-sns": "1.75.0",
        "@aws-cdk/aws-sns-subscriptions": "1.75.0",
        "@aws-cdk/aws-sqs": "1.75.0",
        "@aws-cdk/core": "1.75.0",
        "constructs": "^3.2.0"
      }
    },
    "node_modules/@aws-cdk/aws-logs": {
      "version": "1.75.0",
      "resolved": "https://registry.npmjs.org/@aws-cdk/aws-logs/-/aws-logs-1.75.0.tgz",
      "integrity": "sha512-zVgnlieNpHJ1oW2z7q+6uope10x7yGVwKCiwyrlIDSKZqB54ayrt2EXoXaZwbXn7LQ4yRQu4ip/GhHhn0UfQoQ==",
      "dependencies": {
        "@aws-cdk/aws-cloudwatch": "1.75.0",
        "@aws-cdk/aws-iam": "1.75.0",
        "@aws-cdk/aws-kms": "1.75.0",
        "@aws-cdk/aws-s3-assets": "1.75.0",
        "@aws-cdk/core": "1.75.0",
        "constructs": "^3.2.0"
      },
      "engines": {
        "node": ">= 10.13.0 <13 || >=13.7.0"
      },
      "peerDependencies": {
        "@aws-cdk/aws-cloudwatch": "1.75.0",
        "@aws-cdk/aws-iam": "1.75.0",
        "@aws-cdk/aws-kms": "1.75.0",
        "@aws-cdk/aws-s3-assets": "1.75.0",
        "@aws-cdk/core": "1.75.0",
        "constructs": "^3.2.0"
      }
    },
    "node_modules/@aws-cdk/aws-route53": {
      "version": "1.75.0",
      "resolved": "https://registry.npmjs.org/@aws-cdk/aws-route53/-/aws-route53-1.75.0.tgz",
      "integrity": "sha512-Uxarp1xESVKaRAhoj/g9RCGSmS08tyFyKYzUYRuey5sHGa96W2sOqXFHTAEGturwYkYOh2b9dNId1Shm1NITQA==",
      "dependencies": {
        "@aws-cdk/aws-ec2": "1.75.0",
        "@aws-cdk/aws-logs": "1.75.0",
        "@aws-cdk/cloud-assembly-schema": "1.75.0",
        "@aws-cdk/core": "1.75.0",
        "constructs": "^3.2.0"
      },
      "engines": {
        "node": ">= 10.13.0 <13 || >=13.7.0"
      },
      "peerDependencies": {
        "@aws-cdk/aws-ec2": "1.75.0",
        "@aws-cdk/aws-logs": "1.75.0",
        "@aws-cdk/cloud-assembly-schema": "1.75.0",
        "@aws-cdk/core": "1.75.0",
        "constructs": "^3.2.0"
      }
    },
    "node_modules/@aws-cdk/aws-s3": {
      "version": "1.75.0",
      "resolved": "https://registry.npmjs.org/@aws-cdk/aws-s3/-/aws-s3-1.75.0.tgz",
      "integrity": "sha512-0agdQ+XOEM+iT/8O0+WrEKU+kqrHj4gKUjSyJ1W3LkFldoCrxRXNZidV4VsWn2F++lUKVQLIZOxQVUX+bIzJPw==",
      "dependencies": {
        "@aws-cdk/aws-events": "1.75.0",
        "@aws-cdk/aws-iam": "1.75.0",
        "@aws-cdk/aws-kms": "1.75.0",
        "@aws-cdk/core": "1.75.0",
        "constructs": "^3.2.0"
      },
      "engines": {
        "node": ">= 10.13.0 <13 || >=13.7.0"
      },
      "peerDependencies": {
        "@aws-cdk/aws-events": "1.75.0",
        "@aws-cdk/aws-iam": "1.75.0",
        "@aws-cdk/aws-kms": "1.75.0",
        "@aws-cdk/core": "1.75.0",
        "constructs": "^3.2.0"
      }
    },
    "node_modules/@aws-cdk/aws-s3-assets": {
      "version": "1.75.0",
      "resolved": "https://registry.npmjs.org/@aws-cdk/aws-s3-assets/-/aws-s3-assets-1.75.0.tgz",
      "integrity": "sha512-BhXDpiHR78AWpk5M6xT/pVV4gK4tZ5EWEuIQPbH0OHscW6VrygfOmxiVoHFbkpC5RNjgpbgx8kqwzLJXD6pCwg==",
      "dependencies": {
        "@aws-cdk/assets": "1.75.0",
        "@aws-cdk/aws-iam": "1.75.0",
        "@aws-cdk/aws-kms": "1.75.0",
        "@aws-cdk/aws-s3": "1.75.0",
        "@aws-cdk/core": "1.75.0",
        "@aws-cdk/cx-api": "1.75.0",
        "constructs": "^3.2.0"
      },
      "engines": {
        "node": ">= 10.13.0 <13 || >=13.7.0"
      },
      "peerDependencies": {
        "@aws-cdk/assets": "1.75.0",
        "@aws-cdk/aws-iam": "1.75.0",
        "@aws-cdk/aws-kms": "1.75.0",
        "@aws-cdk/aws-s3": "1.75.0",
        "@aws-cdk/core": "1.75.0",
        "@aws-cdk/cx-api": "1.75.0",
        "constructs": "^3.2.0"
      }
    },
    "node_modules/@aws-cdk/aws-s3-notifications": {
      "version": "1.75.0",
      "resolved": "https://registry.npmjs.org/@aws-cdk/aws-s3-notifications/-/aws-s3-notifications-1.75.0.tgz",
      "integrity": "sha512-H5CZNLbSIeBy7BpqSey/sBsCjARS39Pcx5KdJL/dEvWi9CkZ9j3kdNG3mTrJd4FbpA9/AmIpzlPLxXZcUoygQg==",
      "dependencies": {
        "@aws-cdk/aws-iam": "1.75.0",
        "@aws-cdk/aws-lambda": "1.75.0",
        "@aws-cdk/aws-s3": "1.75.0",
        "@aws-cdk/aws-sns": "1.75.0",
        "@aws-cdk/aws-sqs": "1.75.0",
        "@aws-cdk/core": "1.75.0",
        "constructs": "^3.2.0"
      },
      "engines": {
        "node": ">= 10.13.0 <13 || >=13.7.0"
      },
      "peerDependencies": {
        "@aws-cdk/aws-iam": "1.75.0",
        "@aws-cdk/aws-lambda": "1.75.0",
        "@aws-cdk/aws-s3": "1.75.0",
        "@aws-cdk/aws-sns": "1.75.0",
        "@aws-cdk/aws-sqs": "1.75.0",
        "@aws-cdk/core": "1.75.0",
        "constructs": "^3.2.0"
      }
    },
    "node_modules/@aws-cdk/aws-sns": {
      "version": "1.75.0",
      "resolved": "https://registry.npmjs.org/@aws-cdk/aws-sns/-/aws-sns-1.75.0.tgz",
      "integrity": "sha512-VEWeoYHlz016blXgZEwphV57tc3Xp+CYHh+SjfDijIFgQG45tM8X5KNMJFnlzJB44bif091aFWgTSmMJIrvH+g==",
      "dependencies": {
        "@aws-cdk/aws-cloudwatch": "1.75.0",
        "@aws-cdk/aws-events": "1.75.0",
        "@aws-cdk/aws-iam": "1.75.0",
        "@aws-cdk/aws-kms": "1.75.0",
        "@aws-cdk/aws-sqs": "1.75.0",
        "@aws-cdk/core": "1.75.0",
        "constructs": "^3.2.0"
      },
      "engines": {
        "node": ">= 10.13.0 <13 || >=13.7.0"
      },
      "peerDependencies": {
        "@aws-cdk/aws-cloudwatch": "1.75.0",
        "@aws-cdk/aws-events": "1.75.0",
        "@aws-cdk/aws-iam": "1.75.0",
        "@aws-cdk/aws-kms": "1.75.0",
        "@aws-cdk/aws-sqs": "1.75.0",
        "@aws-cdk/core": "1.75.0",
        "constructs": "^3.2.0"
      }
    },
    "node_modules/@aws-cdk/aws-sns-subscriptions": {
      "version": "1.75.0",
      "resolved": "https://registry.npmjs.org/@aws-cdk/aws-sns-subscriptions/-/aws-sns-subscriptions-1.75.0.tgz",
      "integrity": "sha512-uSnIOmDErQQFrR8wXUq81V4bISrHVBgUvl1nM+KxDIQSNRhGUZ3FW0cb8+dMyZvr4qk84qsDnHWktKx9cknvQg==",
      "dependencies": {
        "@aws-cdk/aws-iam": "1.75.0",
        "@aws-cdk/aws-lambda": "1.75.0",
        "@aws-cdk/aws-sns": "1.75.0",
        "@aws-cdk/aws-sqs": "1.75.0",
        "@aws-cdk/core": "1.75.0",
        "constructs": "^3.2.0"
      },
      "engines": {
        "node": ">= 10.13.0 <13 || >=13.7.0"
      },
      "peerDependencies": {
        "@aws-cdk/aws-iam": "1.75.0",
        "@aws-cdk/aws-lambda": "1.75.0",
        "@aws-cdk/aws-sns": "1.75.0",
        "@aws-cdk/aws-sqs": "1.75.0",
        "@aws-cdk/core": "1.75.0",
        "constructs": "^3.2.0"
      }
    },
    "node_modules/@aws-cdk/aws-sqs": {
      "version": "1.75.0",
      "resolved": "https://registry.npmjs.org/@aws-cdk/aws-sqs/-/aws-sqs-1.75.0.tgz",
      "integrity": "sha512-X4gc0cZkNGQ6Q5WMBqnrZLSwR2fyDvRM7CdkiF22/EpSo5anF/2ENTCCXS8KiNwsUvl4bzKhuRLWWTJRrN6JWQ==",
      "dependencies": {
        "@aws-cdk/aws-cloudwatch": "1.75.0",
        "@aws-cdk/aws-iam": "1.75.0",
        "@aws-cdk/aws-kms": "1.75.0",
        "@aws-cdk/core": "1.75.0",
        "constructs": "^3.2.0"
      },
      "engines": {
        "node": ">= 10.13.0 <13 || >=13.7.0"
      },
      "peerDependencies": {
        "@aws-cdk/aws-cloudwatch": "1.75.0",
        "@aws-cdk/aws-iam": "1.75.0",
        "@aws-cdk/aws-kms": "1.75.0",
        "@aws-cdk/core": "1.75.0",
        "constructs": "^3.2.0"
      }
    },
    "node_modules/@aws-cdk/aws-ssm": {
      "version": "1.75.0",
      "resolved": "https://registry.npmjs.org/@aws-cdk/aws-ssm/-/aws-ssm-1.75.0.tgz",
      "integrity": "sha512-PcwqWShivuaLUoP9BTALNyMdkacjxvMohPqTWswDeAJ3Ryo+oE9qF0bnwwSbjfAsYCOBb3IZBiFsNEzIrGQw6Q==",
      "dependencies": {
        "@aws-cdk/aws-iam": "1.75.0",
        "@aws-cdk/aws-kms": "1.75.0",
        "@aws-cdk/cloud-assembly-schema": "1.75.0",
        "@aws-cdk/core": "1.75.0",
        "constructs": "^3.2.0"
      },
      "engines": {
        "node": ">= 10.13.0 <13 || >=13.7.0"
      },
      "peerDependencies": {
        "@aws-cdk/aws-iam": "1.75.0",
        "@aws-cdk/aws-kms": "1.75.0",
        "@aws-cdk/cloud-assembly-schema": "1.75.0",
        "@aws-cdk/core": "1.75.0",
        "constructs": "^3.2.0"
      }
    },
    "node_modules/@aws-cdk/cloud-assembly-schema": {
      "version": "1.75.0",
      "resolved": "https://registry.npmjs.org/@aws-cdk/cloud-assembly-schema/-/cloud-assembly-schema-1.75.0.tgz",
      "integrity": "sha512-THnTab/XfPcXVMmUTtpZYZpV/OH7fjxaDXZsYjhVxfcNVjxzaMXUllwCGbmIAa4l15pEe+nlh6dQr1cPIuTzSg==",
      "bundleDependencies": [
        "jsonschema",
        "semver"
      ],
      "dependencies": {
        "jsonschema": "^1.4.0",
        "semver": "^7.3.2"
      },
      "engines": {
        "node": ">= 10.13.0 <13 || >=13.7.0"
      }
    },
    "node_modules/@aws-cdk/cloud-assembly-schema/node_modules/jsonschema": {
      "version": "1.4.0",
      "integrity": "sha512-/YgW6pRMr6M7C+4o8kS+B/2myEpHCrxO4PEWnqJNBFMjn7EWXqlQ4tGwL6xTHeRplwuZmcAncdvfOad1nT2yMw==",
      "inBundle": true,
      "engines": {
        "node": "*"
      }
    },
    "node_modules/@aws-cdk/cloud-assembly-schema/node_modules/semver": {
      "version": "7.3.2",
      "integrity": "sha512-OrOb32TeeambH6UrhtShmF7CRDqhL6/5XpPNp2DuRH6+9QLw/orhp72j87v8Qa1ScDkvrrBNpZcDejAirJmfXQ==",
      "inBundle": true,
      "bin": {
        "semver": "bin/semver.js"
      },
      "engines": {
        "node": ">=10"
      }
    },
    "node_modules/@aws-cdk/core": {
      "version": "1.75.0",
      "resolved": "https://registry.npmjs.org/@aws-cdk/core/-/core-1.75.0.tgz",
      "integrity": "sha512-CVHoOCraglhdoL7EXiCrZ3aPPr+TCalDyF6R5quh+lDeBPRuXF+ddfGFh2nhusyEtLtuJgxqTMp/OMIPKh+Smg==",
      "bundleDependencies": [
        "fs-extra",
        "minimatch",
        "@balena/dockerignore",
        "ignore"
      ],
      "dependencies": {
        "@aws-cdk/cloud-assembly-schema": "1.75.0",
        "@aws-cdk/cx-api": "1.75.0",
        "@aws-cdk/region-info": "1.75.0",
        "@balena/dockerignore": "^1.0.2",
        "constructs": "^3.2.0",
        "fs-extra": "^9.0.1",
        "ignore": "^5.1.8",
        "minimatch": "^3.0.4"
      },
      "engines": {
        "node": ">= 10.13.0 <13 || >=13.7.0"
      },
      "peerDependencies": {
        "@aws-cdk/cloud-assembly-schema": "1.75.0",
        "@aws-cdk/cx-api": "1.75.0",
        "@aws-cdk/region-info": "1.75.0",
        "constructs": "^3.2.0"
      }
    },
    "node_modules/@aws-cdk/core/node_modules/@balena/dockerignore": {
      "version": "1.0.2",
      "integrity": "sha512-wMue2Sy4GAVTk6Ic4tJVcnfdau+gx2EnG7S+uAEe+TWJFqE4YoWN4/H8MSLj4eYJKxGg26lZwboEniNiNwZQ6Q==",
      "inBundle": true
    },
    "node_modules/@aws-cdk/core/node_modules/at-least-node": {
      "version": "1.0.0",
      "integrity": "sha512-+q/t7Ekv1EDY2l6Gda6LLiX14rU9TV20Wa3ofeQmwPFZbOMo9DXrLbOjFaaclkXKWidIaopwAObQDqwWtGUjqg==",
      "inBundle": true,
      "engines": {
        "node": ">= 4.0.0"
      }
    },
    "node_modules/@aws-cdk/core/node_modules/balanced-match": {
      "version": "1.0.0",
      "integrity": "sha512-9Y0g0Q8rmSt+H33DfKv7FOc3v+iRI+o1lbzt8jGcIosYW37IIW/2XVYq5NPdmaD5NQ59Nk26Kl/vZbwW9Fr8vg==",
      "inBundle": true
    },
    "node_modules/@aws-cdk/core/node_modules/brace-expansion": {
      "version": "1.1.11",
      "integrity": "sha512-iCuPHDFgrHX7H2vEI/5xpz07zSHB00TpugqhmYtVmMO6518mCuRMoOYFldEBl0g187ufozdaHgWKcYFb61qGiA==",
      "inBundle": true,
      "dependencies": {
        "balanced-match": "^1.0.0",
        "concat-map": "0.0.1"
      }
    },
    "node_modules/@aws-cdk/core/node_modules/concat-map": {
      "version": "0.0.1",
      "integrity": "sha512-/Srv4dswyQNBfohGpz9o6Yb3Gz3SrUDqBH5rTuhGR7ahtlbYKnVxw2bCFMRljaA7EXHaXZ8wsHdodFvbkhKmqg==",
      "inBundle": true
    },
    "node_modules/@aws-cdk/core/node_modules/fs-extra": {
      "version": "9.0.1",
      "integrity": "sha512-h2iAoN838FqAFJY2/qVpzFXy+EBxfVE220PalAqQLDVsFOHLJrZvut5puAbCdNv6WJk+B8ihI+k0c7JK5erwqQ==",
      "inBundle": true,
      "dependencies": {
        "at-least-node": "^1.0.0",
        "graceful-fs": "^4.2.0",
        "jsonfile": "^6.0.1",
        "universalify": "^1.0.0"
      },
      "engines": {
        "node": ">=10"
      }
    },
    "node_modules/@aws-cdk/core/node_modules/graceful-fs": {
      "version": "4.2.4",
      "integrity": "sha512-WjKPNJF79dtJAVniUlGGWHYGz2jWxT6VhN/4m1NdkbZ2nOsEF+cI1Edgql5zCRhs/VsQYRvrXctxktVXZUkixw==",
      "inBundle": true
    },
    "node_modules/@aws-cdk/core/node_modules/ignore": {
      "version": "5.1.8",
      "integrity": "sha512-BMpfD7PpiETpBl/A6S498BaIJ6Y/ABT93ETbby2fP00v4EbvPBXWEoaR1UBPKs3iR53pJY7EtZk5KACI57i1Uw==",
      "inBundle": true,
      "engines": {
        "node": ">= 4"
      }
    },
    "node_modules/@aws-cdk/core/node_modules/jsonfile": {
      "version": "6.0.1",
      "integrity": "sha512-jR2b5v7d2vIOust+w3wtFKZIfpC2pnRmFAhAC/BuweZFQR8qZzxH1OyrQ10HmdVYiXWkYUqPVsz91cG7EL2FBg==",
      "inBundle": true,
      "dependencies": {
        "universalify": "^1.0.0"
      },
      "optionalDependencies": {
        "graceful-fs": "^4.1.6"
      }
    },
    "node_modules/@aws-cdk/core/node_modules/minimatch": {
      "version": "3.0.4",
      "integrity": "sha512-yJHVQEhyqPLUTgt9B83PXu6W3rx4MvvHvSUvToogpwoGDOUQ+yDrR0HRot+yOCdCO7u4hX3pWft6kWBBcqh0UA==",
      "inBundle": true,
      "dependencies": {
        "brace-expansion": "^1.1.7"
      },
      "engines": {
        "node": "*"
      }
    },
    "node_modules/@aws-cdk/core/node_modules/universalify": {
      "version": "1.0.0",
      "integrity": "sha512-rb6X1W158d7pRQBg5gkR8uPaSfiids68LTJQYOtEUhoJUWBdaQHsuT/EUduxXYxcrt4r5PJ4fuHW1MHT6p0qug==",
      "inBundle": true,
      "engines": {
        "node": ">= 10.0.0"
      }
    },
    "node_modules/@aws-cdk/custom-resources": {
      "version": "1.75.0",
      "resolved": "https://registry.npmjs.org/@aws-cdk/custom-resources/-/custom-resources-1.75.0.tgz",
      "integrity": "sha512-dHNm7/yg2Zp4E7QWJLqnDs6hw1IAAp5QybvMInFB0/4Xn3SEOo3CTWNGRGlrYqkjgvBz2uoH8Mez3IqGKRC4hQ==",
      "dependencies": {
        "@aws-cdk/aws-cloudformation": "1.75.0",
        "@aws-cdk/aws-iam": "1.75.0",
        "@aws-cdk/aws-lambda": "1.75.0",
        "@aws-cdk/aws-logs": "1.75.0",
        "@aws-cdk/aws-sns": "1.75.0",
        "@aws-cdk/core": "1.75.0",
        "constructs": "^3.2.0"
      },
      "engines": {
        "node": ">= 10.13.0 <13 || >=13.7.0"
      },
      "peerDependencies": {
        "@aws-cdk/aws-cloudformation": "1.75.0",
        "@aws-cdk/aws-iam": "1.75.0",
        "@aws-cdk/aws-lambda": "1.75.0",
        "@aws-cdk/aws-logs": "1.75.0",
        "@aws-cdk/aws-sns": "1.75.0",
        "@aws-cdk/core": "1.75.0",
        "constructs": "^3.2.0"
      }
    },
    "node_modules/@aws-cdk/cx-api": {
      "version": "1.75.0",
      "resolved": "https://registry.npmjs.org/@aws-cdk/cx-api/-/cx-api-1.75.0.tgz",
      "integrity": "sha512-PjeJb2Jcj/kREc/fbEQXSdQnvoemnIY7IEjy0itVoDY2ZIJo3v/6mnXtKJX3h0td5bt6OTQPMXUzkeua0xsjvg==",
      "bundleDependencies": [
        "semver"
      ],
      "dependencies": {
        "@aws-cdk/cloud-assembly-schema": "1.75.0",
        "semver": "^7.3.2"
      },
      "engines": {
        "node": ">= 10.13.0 <13 || >=13.7.0"
      },
      "peerDependencies": {
        "@aws-cdk/cloud-assembly-schema": "1.75.0"
      }
    },
    "node_modules/@aws-cdk/cx-api/node_modules/semver": {
      "version": "7.3.2",
      "integrity": "sha512-OrOb32TeeambH6UrhtShmF7CRDqhL6/5XpPNp2DuRH6+9QLw/orhp72j87v8Qa1ScDkvrrBNpZcDejAirJmfXQ==",
      "inBundle": true,
      "bin": {
        "semver": "bin/semver.js"
      },
      "engines": {
        "node": ">=10"
      }
    },
    "node_modules/@aws-cdk/region-info": {
      "version": "1.75.0",
      "resolved": "https://registry.npmjs.org/@aws-cdk/region-info/-/region-info-1.75.0.tgz",
      "integrity": "sha512-hMwQgTXtFUNROOnBH42FKskWcWssGeAK/jzbk+IByC7gxrW8UPcbUFRV9cr6YdcB1W3neE66EI5nQPwDeVFvnA==",
      "engines": {
        "node": ">= 10.13.0 <13 || >=13.7.0"
      }
    },
    "node_modules/@types/node": {
      "version": "10.17.39",
      "resolved": "https://registry.npmjs.org/@types/node/-/node-10.17.39.tgz",
      "integrity": "sha512-dJLCxrpQmgyxYGcl0Ae9MTsQgI22qHHcGFj/8VKu7McJA5zQpnuGjoksnxbo1JxSjW/Nahnl13W8MYZf01CZHA==",
      "dev": true
    },
    "node_modules/arg": {
      "version": "4.1.3",
      "resolved": "https://registry.npmjs.org/arg/-/arg-4.1.3.tgz",
      "integrity": "sha512-58S9QDqG0Xx27YwPSt9fJxivjYl432YCwfDMfZ+71RAqUrZef7LrKQZ3LHLOwCS4FLNBplP533Zx895SeOCHvA==",
      "dev": true
    },
    "node_modules/aws-cdk": {
      "version": "1.203.0",
      "resolved": "https://registry.npmjs.org/aws-cdk/-/aws-cdk-1.203.0.tgz",
      "integrity": "sha512-9nghEa+JGzh7LEz2Yl2q4v+76Uf+Y4A4Pa38PSsNgI0jAwnBAz5NaC3MB4Tdzd5szSfQuS72u5Uuxh6Lz1H0ow==",
      "dev": true,
      "license": "Apache-2.0",
      "bin": {
        "cdk": "bin/cdk"
      },
      "engines": {
        "node": ">= 14.15.0"
      },
      "optionalDependencies": {
        "fsevents": "2.3.2"
      }
    },
    "node_modules/buffer-from": {
      "version": "1.1.1",
      "resolved": "https://registry.npmjs.org/buffer-from/-/buffer-from-1.1.1.tgz",
      "integrity": "sha512-MQcXEUbCKtEo7bhqEs6560Hyd4XaovZlO/k9V3hjVUF/zwW7KBVdSK4gIt/bzwS9MbR5qob+F5jusZsb0YQK2A=="
    },
    "node_modules/constructs": {
      "version": "3.2.84",
      "resolved": "https://registry.npmjs.org/constructs/-/constructs-3.2.84.tgz",
      "integrity": "sha512-s9nJluuLGjbRhfCDnOgTe7ZHko8ceQClxYZ5oEs40H/12dkCtH60PPawZq3YUfJbSeOv8Zu79ePkv8jfGADf4Q==",
      "engines": {
        "node": ">= 10.17.0"
      }
    },
    "node_modules/diff": {
      "version": "4.0.2",
      "resolved": "https://registry.npmjs.org/diff/-/diff-4.0.2.tgz",
      "integrity": "sha512-58lmxKSA4BNyLz+HHMUzlOEpg09FV+ev6ZMe3vJihgdxzgcwZ8VoEEPmALCZG9LmqfVoNMMKpttIYTVG6uDY7A==",
      "dev": true,
      "engines": {
        "node": ">=0.3.1"
      }
    },
    "node_modules/fsevents": {
      "version": "2.3.2",
      "resolved": "https://registry.npmjs.org/fsevents/-/fsevents-2.3.2.tgz",
      "integrity": "sha512-xiqMQR4xAeHTuB9uWm+fFRcIOgKBMiOBP+eXiyT7jsgVCq1bkVygt00oASowB7EdtpOHaaPgKt812P9ab+DDKA==",
      "dev": true,
      "hasInstallScript": true,
      "license": "MIT",
      "optional": true,
      "os": [
        "darwin"
      ],
      "engines": {
        "node": "^8.16.0 || ^10.6.0 || >=11.0.0"
      }
    },
    "node_modules/make-error": {
      "version": "1.3.6",
      "resolved": "https://registry.npmjs.org/make-error/-/make-error-1.3.6.tgz",
      "integrity": "sha512-s8UhlNe7vPKomQhC1qFelMokr/Sc3AgNbso3n74mVPA5LTZwkB9NlXf4XPamLxJE8h0gh73rM94xvwRT2CVInw==",
      "dev": true
    },
    "node_modules/source-map": {
      "version": "0.6.1",
      "resolved": "https://registry.npmjs.org/source-map/-/source-map-0.6.1.tgz",
      "integrity": "sha512-UjgapumWlbMhkBgzT7Ykc5YXUT46F0iKu8SGXq0bcwP5dz/h0Plj6enJqjz1Zbq2l5WaqYnrVbwWOWMyF3F47g==",
      "engines": {
        "node": ">=0.10.0"
      }
    },
    "node_modules/source-map-support": {
      "version": "0.5.19",
      "resolved": "https://registry.npmjs.org/source-map-support/-/source-map-support-0.5.19.tgz",
      "integrity": "sha512-Wonm7zOCIJzBGQdB+thsPar0kYuCIzYvxZwlBa87yi/Mdjv7Tip2cyVbLj5o0cFPN4EVkuTwb3GDDyUx2DGnGw==",
      "dependencies": {
        "buffer-from": "^1.0.0",
        "source-map": "^0.6.0"
      }
    },
    "node_modules/ts-node": {
      "version": "8.10.2",
      "resolved": "https://registry.npmjs.org/ts-node/-/ts-node-8.10.2.tgz",
      "integrity": "sha512-ISJJGgkIpDdBhWVu3jufsWpK3Rzo7bdiIXJjQc0ynKxVOVcg2oIrf2H2cejminGrptVc6q6/uynAHNCuWGbpVA==",
      "dev": true,
      "dependencies": {
        "arg": "^4.1.0",
        "diff": "^4.0.1",
        "make-error": "^1.1.1",
        "source-map-support": "^0.5.17",
        "yn": "3.1.1"
      },
      "bin": {
        "ts-node": "dist/bin.js",
        "ts-node-script": "dist/bin-script.js",
        "ts-node-transpile-only": "dist/bin-transpile.js",
        "ts-script": "dist/bin-script-deprecated.js"
      },
      "engines": {
        "node": ">=6.0.0"
      },
      "peerDependencies": {
        "typescript": ">=2.7"
      }
    },
    "node_modules/typescript": {
      "version": "3.7.5",
      "resolved": "https://registry.npmjs.org/typescript/-/typescript-3.7.5.tgz",
      "integrity": "sha512-/P5lkRXkWHNAbcJIiHPfRoKqyd7bsyCma1hZNUGfn20qm64T6ZBlrzprymeu918H+mB/0rIg2gGK/BXkhhYgBw==",
      "dev": true,
      "bin": {
        "tsc": "bin/tsc",
        "tsserver": "bin/tsserver"
      },
      "engines": {
        "node": ">=4.2.0"
      }
    },
    "node_modules/yn": {
      "version": "3.1.1",
      "resolved": "https://registry.npmjs.org/yn/-/yn-3.1.1.tgz",
      "integrity": "sha512-Ux4ygGWsu2c7isFWe8Yu1YluJmqVhxqK2cLXNQA5AcC3QfbGNpM7fu0Y8b/z16pXLnFxZYvWhd3fhBY9DLmC6Q==",
      "dev": true,
      "engines": {
        "node": ">=6"
      }
    }
  }
}
