{
  "name": "workflow",
  "version": "0.1.0",
  "lockfileVersion": 1,
  "requires": true,
  "dependencies": {
    "@aws-cdk/assets": {
      "version": "1.75.0",
      "resolved": "https://registry.npmjs.org/@aws-cdk/assets/-/assets-1.75.0.tgz",
      "integrity": "sha512-KIW9cLyJ5fVfkGyxiyDbfmFyijNducYiSQMs6drxjk0Ae+ydWjkvsinozcXHeo2vW2h1kAANHdH/d8ipzSMjJQ==",
      "requires": {
        "@aws-cdk/core": "1.75.0",
        "@aws-cdk/cx-api": "1.75.0",
        "constructs": "^3.2.0"
      }
    },
    "@aws-cdk/aws-apigateway": {
      "version": "1.75.0",
      "resolved": "https://registry.npmjs.org/@aws-cdk/aws-apigateway/-/aws-apigateway-1.75.0.tgz",
      "integrity": "sha512-GWi+/AoSnIcwpKrsz4+l1gEnn2Kdsf1hsPAU8YYXDkATH/5YdGdioGIWJnq+Gop/JiQigvEJlB8sNwwaQn8sOQ==",
      "requires": {
        "@aws-cdk/assets": "1.75.0",
        "@aws-cdk/aws-certificatemanager": "1.75.0",
        "@aws-cdk/aws-cloudwatch": "1.75.0",
        "@aws-cdk/aws-ec2": "1.75.0",
        "@aws-cdk/aws-elasticloadbalancingv2": "1.75.0",
        "@aws-cdk/aws-iam": "1.75.0",
        "@aws-cdk/aws-lambda": "1.75.0",
        "@aws-cdk/aws-logs": "1.75.0",
        "@aws-cdk/aws-s3": "1.75.0",
        "@aws-cdk/aws-s3-assets": "1.75.0",
        "@aws-cdk/core": "1.75.0",
        "@aws-cdk/cx-api": "1.75.0",
        "constructs": "^3.2.0"
      }
    },
    "@aws-cdk/aws-applicationautoscaling": {
      "version": "1.75.0",
      "resolved": "https://registry.npmjs.org/@aws-cdk/aws-applicationautoscaling/-/aws-applicationautoscaling-1.75.0.tgz",
      "integrity": "sha512-0koG/9LaTytttTKFXTWjEWlq8R/uVTONaz2XCKkI2jOFHDCH5iWQPgaxSHzxz+gY8IoYOX8+8BRUbQ8SeSoyvQ==",
      "requires": {
        "@aws-cdk/aws-autoscaling-common": "1.75.0",
        "@aws-cdk/aws-cloudwatch": "1.75.0",
        "@aws-cdk/aws-iam": "1.75.0",
        "@aws-cdk/core": "1.75.0",
        "constructs": "^3.2.0"
      }
    },
    "@aws-cdk/aws-autoscaling-common": {
      "version": "1.75.0",
      "resolved": "https://registry.npmjs.org/@aws-cdk/aws-autoscaling-common/-/aws-autoscaling-common-1.75.0.tgz",
      "integrity": "sha512-YyiJx4DxqtaTK+DrcgR4vQ/ipFPTK5hQmEhTtt+u6BAmWlMgVzqJF7ELFva6jVSKZp+GbyvrtT25Lv3nxbJi6w==",
      "requires": {
        "@aws-cdk/aws-iam": "1.75.0",
        "@aws-cdk/core": "1.75.0",
        "constructs": "^3.2.0"
      }
    },
    "@aws-cdk/aws-certificatemanager": {
      "version": "1.75.0",
      "resolved": "https://registry.npmjs.org/@aws-cdk/aws-certificatemanager/-/aws-certificatemanager-1.75.0.tgz",
      "integrity": "sha512-OyEEI7DSLoqjpPDigOfxng7h9W7JPY9xB/4H8jmZ0BlR+TqFTyp3wv+cx50q2vfIWCOXF1b2UjbESDdQ2XoZJQ==",
      "requires": {
        "@aws-cdk/aws-iam": "1.75.0",
        "@aws-cdk/aws-lambda": "1.75.0",
        "@aws-cdk/aws-route53": "1.75.0",
        "@aws-cdk/core": "1.75.0",
        "constructs": "^3.2.0"
      }
    },
    "@aws-cdk/aws-cloudformation": {
      "version": "1.75.0",
      "resolved": "https://registry.npmjs.org/@aws-cdk/aws-cloudformation/-/aws-cloudformation-1.75.0.tgz",
      "integrity": "sha512-fv3i6eH4wxXQKXwwRzGenhSsmyKfdIaWwBMtkNx4DT8U37cTj8weTa2JQfGZFNCDO/oQlV+lCeL7NwR5Igb6TQ==",
      "requires": {
        "@aws-cdk/aws-iam": "1.75.0",
        "@aws-cdk/aws-lambda": "1.75.0",
        "@aws-cdk/aws-s3": "1.75.0",
        "@aws-cdk/aws-sns": "1.75.0",
        "@aws-cdk/core": "1.75.0",
        "@aws-cdk/cx-api": "1.75.0",
        "constructs": "^3.2.0"
      }
    },
    "@aws-cdk/aws-cloudwatch": {
      "version": "1.75.0",
      "resolved": "https://registry.npmjs.org/@aws-cdk/aws-cloudwatch/-/aws-cloudwatch-1.75.0.tgz",
      "integrity": "sha512-jqIcyg8YxjhZRQ642K/ApKY6JaQtHWwXmLiHko+SCMHG6yUYS3xupzopGuC0GhsjKgwkP6ZzYXJpaZEqez9aHQ==",
      "requires": {
        "@aws-cdk/aws-iam": "1.75.0",
        "@aws-cdk/core": "1.75.0",
        "constructs": "^3.2.0"
      }
    },
    "@aws-cdk/aws-codeguruprofiler": {
      "version": "1.75.0",
      "resolved": "https://registry.npmjs.org/@aws-cdk/aws-codeguruprofiler/-/aws-codeguruprofiler-1.75.0.tgz",
      "integrity": "sha512-WXUCDuFwm2rYA+/E+Ja9vuOUdRgSIu8fnh13RaDWO+zLH5MTc02WiPi7rLjat5gzjA1QQ2cVzZLsorCNqywcOQ==",
      "requires": {
        "@aws-cdk/aws-iam": "1.75.0",
        "@aws-cdk/core": "1.75.0",
        "constructs": "^3.2.0"
      }
    },
    "@aws-cdk/aws-dynamodb": {
      "version": "1.75.0",
      "resolved": "https://registry.npmjs.org/@aws-cdk/aws-dynamodb/-/aws-dynamodb-1.75.0.tgz",
      "integrity": "sha512-nUMh1A1jdNHgObuTFKCt9L09Aw0t2Lj5rYUmEgzTfCmQrtaTUqx3UvD1CudMKbr6VQ7cwNeDTZbOooGxQht6Kw==",
      "requires": {
        "@aws-cdk/aws-applicationautoscaling": "1.75.0",
        "@aws-cdk/aws-cloudwatch": "1.75.0",
        "@aws-cdk/aws-iam": "1.75.0",
        "@aws-cdk/aws-kms": "1.75.0",
        "@aws-cdk/aws-lambda": "1.75.0",
        "@aws-cdk/core": "1.75.0",
        "@aws-cdk/custom-resources": "1.75.0",
        "constructs": "^3.2.0"
      }
    },
    "@aws-cdk/aws-ec2": {
      "version": "1.75.0",
      "resolved": "https://registry.npmjs.org/@aws-cdk/aws-ec2/-/aws-ec2-1.75.0.tgz",
      "integrity": "sha512-rfdOzCM1URIDcach1ygRpjUDr4O00k4WSm2LqnXW94/izJU+kLILo5a84rgLoBQH6CI95lLdSIsawBrexAJXow==",
      "requires": {
        "@aws-cdk/aws-cloudwatch": "1.75.0",
        "@aws-cdk/aws-iam": "1.75.0",
        "@aws-cdk/aws-kms": "1.75.0",
        "@aws-cdk/aws-logs": "1.75.0",
        "@aws-cdk/aws-s3": "1.75.0",
        "@aws-cdk/aws-s3-assets": "1.75.0",
        "@aws-cdk/aws-ssm": "1.75.0",
        "@aws-cdk/cloud-assembly-schema": "1.75.0",
        "@aws-cdk/core": "1.75.0",
        "@aws-cdk/cx-api": "1.75.0",
        "@aws-cdk/region-info": "1.75.0",
        "constructs": "^3.2.0"
      }
    },
    "@aws-cdk/aws-efs": {
      "version": "1.75.0",
      "resolved": "https://registry.npmjs.org/@aws-cdk/aws-efs/-/aws-efs-1.75.0.tgz",
      "integrity": "sha512-k/tCHvkELzyeNfY+Lwow652dn5cueUDYP5bjM0IZQ42kT6u5Bl8W6IRVq50MGNHGx/37haNX2UIqtdvTnN7w0A==",
      "requires": {
        "@aws-cdk/aws-ec2": "1.75.0",
        "@aws-cdk/aws-kms": "1.75.0",
        "@aws-cdk/cloud-assembly-schema": "1.75.0",
        "@aws-cdk/core": "1.75.0",
        "@aws-cdk/cx-api": "1.75.0",
        "constructs": "^3.2.0"
      }
    },
    "@aws-cdk/aws-elasticloadbalancingv2": {
      "version": "1.75.0",
      "resolved": "https://registry.npmjs.org/@aws-cdk/aws-elasticloadbalancingv2/-/aws-elasticloadbalancingv2-1.75.0.tgz",
      "integrity": "sha512-rQiM1HXY8eg/XXvCMPKnilSprTJOG+/irJASaVBL1eiNNrb91pMOAfIp/u7gBDlpCbCICCA4f5G6yOF5vcYSlg==",
      "requires": {
        "@aws-cdk/aws-certificatemanager": "1.75.0",
        "@aws-cdk/aws-cloudwatch": "1.75.0",
        "@aws-cdk/aws-ec2": "1.75.0",
        "@aws-cdk/aws-iam": "1.75.0",
        "@aws-cdk/aws-lambda": "1.75.0",
        "@aws-cdk/aws-s3": "1.75.0",
        "@aws-cdk/cloud-assembly-schema": "1.75.0",
        "@aws-cdk/core": "1.75.0",
        "@aws-cdk/cx-api": "1.75.0",
        "@aws-cdk/region-info": "1.75.0",
        "constructs": "^3.2.0"
      }
    },
    "@aws-cdk/aws-events": {
      "version": "1.75.0",
      "resolved": "https://registry.npmjs.org/@aws-cdk/aws-events/-/aws-events-1.75.0.tgz",
      "integrity": "sha512-SAAya1UC4Wbj1rLtCDgAIsa/TibteILmHEtMQYTrNIxsY+726xliFm5BlngatbQZZyFg8V16oHbL7t0mGroqPA==",
      "requires": {
        "@aws-cdk/aws-iam": "1.75.0",
        "@aws-cdk/core": "1.75.0",
        "constructs": "^3.2.0"
      }
    },
    "@aws-cdk/aws-iam": {
      "version": "1.75.0",
      "resolved": "https://registry.npmjs.org/@aws-cdk/aws-iam/-/aws-iam-1.75.0.tgz",
      "integrity": "sha512-yTxQlr3ZfsA93zB6+jQSiwlRLwWNsIIONDB9vzn83X0oxcjaFIghENJ9YjzwtPCQbD5L1r/NDwn7ZW0VEwlgtg==",
      "requires": {
        "@aws-cdk/core": "1.75.0",
        "@aws-cdk/region-info": "1.75.0",
        "constructs": "^3.2.0"
      }
    },
    "@aws-cdk/aws-kinesis": {
      "version": "1.75.0",
      "resolved": "https://registry.npmjs.org/@aws-cdk/aws-kinesis/-/aws-kinesis-1.75.0.tgz",
      "integrity": "sha512-77z1vzzMTKiNKJwHpFUX45QUrSO8t3v5DM8dSrWTbC9yNsoZXhGUNodAOFygUgoX1PkJxyJpEGXPWELsoj0OZA==",
      "requires": {
        "@aws-cdk/aws-iam": "1.75.0",
        "@aws-cdk/aws-kms": "1.75.0",
        "@aws-cdk/aws-logs": "1.75.0",
        "@aws-cdk/core": "1.75.0",
        "constructs": "^3.2.0"
      }
    },
    "@aws-cdk/aws-kms": {
      "version": "1.75.0",
      "resolved": "https://registry.npmjs.org/@aws-cdk/aws-kms/-/aws-kms-1.75.0.tgz",
      "integrity": "sha512-UckWCc9u3Ft+6uv+U693NoazYweUq+VTMg1R9aMIw4ieHVNg+AFQzSZL+Et5X1788Cb69GTem0wTTIiRiVlwpg==",
      "requires": {
        "@aws-cdk/aws-iam": "1.75.0",
        "@aws-cdk/core": "1.75.0",
        "constructs": "^3.2.0"
      }
    },
    "@aws-cdk/aws-lambda": {
      "version": "1.75.0",
      "resolved": "https://registry.npmjs.org/@aws-cdk/aws-lambda/-/aws-lambda-1.75.0.tgz",
      "integrity": "sha512-tvdUZT5f+jJvBHLUvP5u9Vm79pcN6d+5w83h2vFC3WJ7A0hMfglbOFpwwPbpBvq6cn6ZqmlkRjSc5XQKmDVJqw==",
      "requires": {
        "@aws-cdk/aws-applicationautoscaling": "1.75.0",
        "@aws-cdk/aws-cloudwatch": "1.75.0",
        "@aws-cdk/aws-codeguruprofiler": "1.75.0",
        "@aws-cdk/aws-ec2": "1.75.0",
        "@aws-cdk/aws-efs": "1.75.0",
        "@aws-cdk/aws-events": "1.75.0",
        "@aws-cdk/aws-iam": "1.75.0",
        "@aws-cdk/aws-logs": "1.75.0",
        "@aws-cdk/aws-s3": "1.75.0",
        "@aws-cdk/aws-s3-assets": "1.75.0",
        "@aws-cdk/aws-sqs": "1.75.0",
        "@aws-cdk/core": "1.75.0",
        "@aws-cdk/cx-api": "1.75.0",
        "constructs": "^3.2.0"
      }
    },
    "@aws-cdk/aws-lambda-event-sources": {
      "version": "1.75.0",
      "resolved": "https://registry.npmjs.org/@aws-cdk/aws-lambda-event-sources/-/aws-lambda-event-sources-1.75.0.tgz",
      "integrity": "sha512-Oub3kYfV/LKwGHNb7thY0SsPLScApNcU2Ne8yves3Drg1Dva4ZjIsT4mgkRgrPVoRdIca7wnlDhCPoRyXmkhWA==",
      "requires": {
        "@aws-cdk/aws-apigateway": "1.75.0",
        "@aws-cdk/aws-dynamodb": "1.75.0",
        "@aws-cdk/aws-events": "1.75.0",
        "@aws-cdk/aws-iam": "1.75.0",
        "@aws-cdk/aws-kinesis": "1.75.0",
        "@aws-cdk/aws-lambda": "1.75.0",
        "@aws-cdk/aws-s3": "1.75.0",
        "@aws-cdk/aws-s3-notifications": "1.75.0",
        "@aws-cdk/aws-sns": "1.75.0",
        "@aws-cdk/aws-sns-subscriptions": "1.75.0",
        "@aws-cdk/aws-sqs": "1.75.0",
        "@aws-cdk/core": "1.75.0",
        "constructs": "^3.2.0"
      }
    },
    "@aws-cdk/aws-logs": {
      "version": "1.75.0",
      "resolved": "https://registry.npmjs.org/@aws-cdk/aws-logs/-/aws-logs-1.75.0.tgz",
      "integrity": "sha512-zVgnlieNpHJ1oW2z7q+6uope10x7yGVwKCiwyrlIDSKZqB54ayrt2EXoXaZwbXn7LQ4yRQu4ip/GhHhn0UfQoQ==",
      "requires": {
        "@aws-cdk/aws-cloudwatch": "1.75.0",
        "@aws-cdk/aws-iam": "1.75.0",
        "@aws-cdk/aws-kms": "1.75.0",
        "@aws-cdk/aws-s3-assets": "1.75.0",
        "@aws-cdk/core": "1.75.0",
        "constructs": "^3.2.0"
      }
    },
    "@aws-cdk/aws-route53": {
      "version": "1.75.0",
      "resolved": "https://registry.npmjs.org/@aws-cdk/aws-route53/-/aws-route53-1.75.0.tgz",
      "integrity": "sha512-Uxarp1xESVKaRAhoj/g9RCGSmS08tyFyKYzUYRuey5sHGa96W2sOqXFHTAEGturwYkYOh2b9dNId1Shm1NITQA==",
      "requires": {
        "@aws-cdk/aws-ec2": "1.75.0",
        "@aws-cdk/aws-logs": "1.75.0",
        "@aws-cdk/cloud-assembly-schema": "1.75.0",
        "@aws-cdk/core": "1.75.0",
        "constructs": "^3.2.0"
      }
    },
    "@aws-cdk/aws-s3": {
      "version": "1.75.0",
      "resolved": "https://registry.npmjs.org/@aws-cdk/aws-s3/-/aws-s3-1.75.0.tgz",
      "integrity": "sha512-0agdQ+XOEM+iT/8O0+WrEKU+kqrHj4gKUjSyJ1W3LkFldoCrxRXNZidV4VsWn2F++lUKVQLIZOxQVUX+bIzJPw==",
      "requires": {
        "@aws-cdk/aws-events": "1.75.0",
        "@aws-cdk/aws-iam": "1.75.0",
        "@aws-cdk/aws-kms": "1.75.0",
        "@aws-cdk/core": "1.75.0",
        "constructs": "^3.2.0"
      }
    },
    "@aws-cdk/aws-s3-assets": {
      "version": "1.75.0",
      "resolved": "https://registry.npmjs.org/@aws-cdk/aws-s3-assets/-/aws-s3-assets-1.75.0.tgz",
      "integrity": "sha512-BhXDpiHR78AWpk5M6xT/pVV4gK4tZ5EWEuIQPbH0OHscW6VrygfOmxiVoHFbkpC5RNjgpbgx8kqwzLJXD6pCwg==",
      "requires": {
        "@aws-cdk/assets": "1.75.0",
        "@aws-cdk/aws-iam": "1.75.0",
        "@aws-cdk/aws-kms": "1.75.0",
        "@aws-cdk/aws-s3": "1.75.0",
        "@aws-cdk/core": "1.75.0",
        "@aws-cdk/cx-api": "1.75.0",
        "constructs": "^3.2.0"
      }
    },
    "@aws-cdk/aws-s3-notifications": {
      "version": "1.75.0",
      "resolved": "https://registry.npmjs.org/@aws-cdk/aws-s3-notifications/-/aws-s3-notifications-1.75.0.tgz",
      "integrity": "sha512-H5CZNLbSIeBy7BpqSey/sBsCjARS39Pcx5KdJL/dEvWi9CkZ9j3kdNG3mTrJd4FbpA9/AmIpzlPLxXZcUoygQg==",
      "requires": {
        "@aws-cdk/aws-iam": "1.75.0",
        "@aws-cdk/aws-lambda": "1.75.0",
        "@aws-cdk/aws-s3": "1.75.0",
        "@aws-cdk/aws-sns": "1.75.0",
        "@aws-cdk/aws-sqs": "1.75.0",
        "@aws-cdk/core": "1.75.0",
        "constructs": "^3.2.0"
      }
    },
    "@aws-cdk/aws-sns": {
      "version": "1.75.0",
      "resolved": "https://registry.npmjs.org/@aws-cdk/aws-sns/-/aws-sns-1.75.0.tgz",
      "integrity": "sha512-VEWeoYHlz016blXgZEwphV57tc3Xp+CYHh+SjfDijIFgQG45tM8X5KNMJFnlzJB44bif091aFWgTSmMJIrvH+g==",
      "requires": {
        "@aws-cdk/aws-cloudwatch": "1.75.0",
        "@aws-cdk/aws-events": "1.75.0",
        "@aws-cdk/aws-iam": "1.75.0",
        "@aws-cdk/aws-kms": "1.75.0",
        "@aws-cdk/aws-sqs": "1.75.0",
        "@aws-cdk/core": "1.75.0",
        "constructs": "^3.2.0"
      }
    },
    "@aws-cdk/aws-sns-subscriptions": {
      "version": "1.75.0",
      "resolved": "https://registry.npmjs.org/@aws-cdk/aws-sns-subscriptions/-/aws-sns-subscriptions-1.75.0.tgz",
      "integrity": "sha512-uSnIOmDErQQFrR8wXUq81V4bISrHVBgUvl1nM+KxDIQSNRhGUZ3FW0cb8+dMyZvr4qk84qsDnHWktKx9cknvQg==",
      "requires": {
        "@aws-cdk/aws-iam": "1.75.0",
        "@aws-cdk/aws-lambda": "1.75.0",
        "@aws-cdk/aws-sns": "1.75.0",
        "@aws-cdk/aws-sqs": "1.75.0",
        "@aws-cdk/core": "1.75.0",
        "constructs": "^3.2.0"
      }
    },
    "@aws-cdk/aws-sqs": {
      "version": "1.75.0",
      "resolved": "https://registry.npmjs.org/@aws-cdk/aws-sqs/-/aws-sqs-1.75.0.tgz",
      "integrity": "sha512-X4gc0cZkNGQ6Q5WMBqnrZLSwR2fyDvRM7CdkiF22/EpSo5anF/2ENTCCXS8KiNwsUvl4bzKhuRLWWTJRrN6JWQ==",
      "requires": {
        "@aws-cdk/aws-cloudwatch": "1.75.0",
        "@aws-cdk/aws-iam": "1.75.0",
        "@aws-cdk/aws-kms": "1.75.0",
        "@aws-cdk/core": "1.75.0",
        "constructs": "^3.2.0"
      }
    },
    "@aws-cdk/aws-ssm": {
      "version": "1.75.0",
      "resolved": "https://registry.npmjs.org/@aws-cdk/aws-ssm/-/aws-ssm-1.75.0.tgz",
      "integrity": "sha512-PcwqWShivuaLUoP9BTALNyMdkacjxvMohPqTWswDeAJ3Ryo+oE9qF0bnwwSbjfAsYCOBb3IZBiFsNEzIrGQw6Q==",
      "requires": {
        "@aws-cdk/aws-iam": "1.75.0",
        "@aws-cdk/aws-kms": "1.75.0",
        "@aws-cdk/cloud-assembly-schema": "1.75.0",
        "@aws-cdk/core": "1.75.0",
        "constructs": "^3.2.0"
      }
    },
    "@aws-cdk/cloud-assembly-schema": {
      "version": "1.75.0",
      "resolved": "https://registry.npmjs.org/@aws-cdk/cloud-assembly-schema/-/cloud-assembly-schema-1.75.0.tgz",
      "integrity": "sha512-THnTab/XfPcXVMmUTtpZYZpV/OH7fjxaDXZsYjhVxfcNVjxzaMXUllwCGbmIAa4l15pEe+nlh6dQr1cPIuTzSg==",
      "requires": {
        "jsonschema": "^1.4.0",
        "semver": "^7.3.2"
      },
      "dependencies": {
        "jsonschema": {
          "version": "1.4.0",
          "bundled": true
        },
        "semver": {
          "version": "7.3.2",
          "bundled": true
        }
      }
    },
    "@aws-cdk/core": {
      "version": "1.75.0",
      "resolved": "https://registry.npmjs.org/@aws-cdk/core/-/core-1.75.0.tgz",
      "integrity": "sha512-CVHoOCraglhdoL7EXiCrZ3aPPr+TCalDyF6R5quh+lDeBPRuXF+ddfGFh2nhusyEtLtuJgxqTMp/OMIPKh+Smg==",
      "requires": {
        "@aws-cdk/cloud-assembly-schema": "1.75.0",
        "@aws-cdk/cx-api": "1.75.0",
        "@aws-cdk/region-info": "1.75.0",
        "@balena/dockerignore": "^1.0.2",
        "constructs": "^3.2.0",
        "fs-extra": "^9.0.1",
        "ignore": "^5.1.8",
        "minimatch": "^3.0.4"
      },
      "dependencies": {
        "@balena/dockerignore": {
          "version": "1.0.2",
          "bundled": true
        },
        "at-least-node": {
          "version": "1.0.0",
          "bundled": true
        },
        "balanced-match": {
          "version": "1.0.0",
          "bundled": true
        },
        "brace-expansion": {
          "version": "1.1.11",
          "bundled": true,
          "requires": {
            "balanced-match": "^1.0.0",
            "concat-map": "0.0.1"
          }
        },
        "concat-map": {
          "version": "0.0.1",
          "bundled": true
        },
        "fs-extra": {
          "version": "9.0.1",
          "bundled": true,
          "requires": {
            "at-least-node": "^1.0.0",
            "graceful-fs": "^4.2.0",
            "jsonfile": "^6.0.1",
            "universalify": "^1.0.0"
          }
        },
        "graceful-fs": {
          "version": "4.2.4",
          "bundled": true
        },
        "ignore": {
          "version": "5.1.8",
          "bundled": true
        },
        "jsonfile": {
          "version": "6.0.1",
          "bundled": true,
          "requires": {
            "graceful-fs": "^4.1.6",
            "universalify": "^1.0.0"
          }
        },
        "minimatch": {
          "version": "3.0.4",
          "bundled": true,
          "requires": {
            "brace-expansion": "^1.1.7"
          }
        },
        "universalify": {
          "version": "1.0.0",
          "bundled": true
        }
      }
    },
    "@aws-cdk/custom-resources": {
      "version": "1.75.0",
      "resolved": "https://registry.npmjs.org/@aws-cdk/custom-resources/-/custom-resources-1.75.0.tgz",
      "integrity": "sha512-dHNm7/yg2Zp4E7QWJLqnDs6hw1IAAp5QybvMInFB0/4Xn3SEOo3CTWNGRGlrYqkjgvBz2uoH8Mez3IqGKRC4hQ==",
      "requires": {
        "@aws-cdk/aws-cloudformation": "1.75.0",
        "@aws-cdk/aws-iam": "1.75.0",
        "@aws-cdk/aws-lambda": "1.75.0",
        "@aws-cdk/aws-logs": "1.75.0",
        "@aws-cdk/aws-sns": "1.75.0",
        "@aws-cdk/core": "1.75.0",
        "constructs": "^3.2.0"
      }
    },
    "@aws-cdk/cx-api": {
      "version": "1.75.0",
      "resolved": "https://registry.npmjs.org/@aws-cdk/cx-api/-/cx-api-1.75.0.tgz",
      "integrity": "sha512-PjeJb2Jcj/kREc/fbEQXSdQnvoemnIY7IEjy0itVoDY2ZIJo3v/6mnXtKJX3h0td5bt6OTQPMXUzkeua0xsjvg==",
      "requires": {
        "@aws-cdk/cloud-assembly-schema": "1.75.0",
        "semver": "^7.3.2"
      },
      "dependencies": {
        "semver": {
          "version": "7.3.2",
          "bundled": true
        }
      }
    },
    "@aws-cdk/region-info": {
      "version": "1.75.0",
      "resolved": "https://registry.npmjs.org/@aws-cdk/region-info/-/region-info-1.75.0.tgz",
      "integrity": "sha512-hMwQgTXtFUNROOnBH42FKskWcWssGeAK/jzbk+IByC7gxrW8UPcbUFRV9cr6YdcB1W3neE66EI5nQPwDeVFvnA=="
    },
    "@types/node": {
      "version": "10.17.39",
      "resolved": "https://registry.npmjs.org/@types/node/-/node-10.17.39.tgz",
      "integrity": "sha512-dJLCxrpQmgyxYGcl0Ae9MTsQgI22qHHcGFj/8VKu7McJA5zQpnuGjoksnxbo1JxSjW/Nahnl13W8MYZf01CZHA==",
      "dev": true
    },
    "arg": {
      "version": "4.1.3",
      "resolved": "https://registry.npmjs.org/arg/-/arg-4.1.3.tgz",
      "integrity": "sha512-58S9QDqG0Xx27YwPSt9fJxivjYl432YCwfDMfZ+71RAqUrZef7LrKQZ3LHLOwCS4FLNBplP533Zx895SeOCHvA==",
      "dev": true
    },
    "aws-cdk": {
      "version": "1.195.0",
      "resolved": "https://registry.npmjs.org/aws-cdk/-/aws-cdk-1.195.0.tgz",
      "integrity": "sha512-g/0Lh2FikO/Yy18oVphYnKaxhGTVSo3o6N9sn92bpCPPS0/TMkNPUKXvYxT8Q/xPRW6OFKtscGngPaTgXPUC5A==",
      "dev": true,
      "requires": {
        "fsevents": "2.3.2"
      }
    },
    "buffer-from": {
      "version": "1.1.1",
      "resolved": "https://registry.npmjs.org/buffer-from/-/buffer-from-1.1.1.tgz",
      "integrity": "sha512-MQcXEUbCKtEo7bhqEs6560Hyd4XaovZlO/k9V3hjVUF/zwW7KBVdSK4gIt/bzwS9MbR5qob+F5jusZsb0YQK2A=="
    },
    "constructs": {
      "version": "3.2.84",
      "resolved": "https://registry.npmjs.org/constructs/-/constructs-3.2.84.tgz",
      "integrity": "sha512-s9nJluuLGjbRhfCDnOgTe7ZHko8ceQClxYZ5oEs40H/12dkCtH60PPawZq3YUfJbSeOv8Zu79ePkv8jfGADf4Q=="
    },
    "diff": {
      "version": "4.0.2",
      "resolved": "https://registry.npmjs.org/diff/-/diff-4.0.2.tgz",
      "integrity": "sha512-58lmxKSA4BNyLz+HHMUzlOEpg09FV+ev6ZMe3vJihgdxzgcwZ8VoEEPmALCZG9LmqfVoNMMKpttIYTVG6uDY7A==",
      "dev": true
    },
    "fsevents": {
      "version": "2.3.2",
      "resolved": "https://registry.npmjs.org/fsevents/-/fsevents-2.3.2.tgz",
      "integrity": "sha512-xiqMQR4xAeHTuB9uWm+fFRcIOgKBMiOBP+eXiyT7jsgVCq1bkVygt00oASowB7EdtpOHaaPgKt812P9ab+DDKA==",
      "dev": true,
      "optional": true
    },
    "make-error": {
      "version": "1.3.6",
      "resolved": "https://registry.npmjs.org/make-error/-/make-error-1.3.6.tgz",
      "integrity": "sha512-s8UhlNe7vPKomQhC1qFelMokr/Sc3AgNbso3n74mVPA5LTZwkB9NlXf4XPamLxJE8h0gh73rM94xvwRT2CVInw==",
      "dev": true
    },
    "source-map": {
      "version": "0.6.1",
      "resolved": "https://registry.npmjs.org/source-map/-/source-map-0.6.1.tgz",
      "integrity": "sha512-UjgapumWlbMhkBgzT7Ykc5YXUT46F0iKu8SGXq0bcwP5dz/h0Plj6enJqjz1Zbq2l5WaqYnrVbwWOWMyF3F47g=="
    },
    "source-map-support": {
      "version": "0.5.19",
      "resolved": "https://registry.npmjs.org/source-map-support/-/source-map-support-0.5.19.tgz",
      "integrity": "sha512-Wonm7zOCIJzBGQdB+thsPar0kYuCIzYvxZwlBa87yi/Mdjv7Tip2cyVbLj5o0cFPN4EVkuTwb3GDDyUx2DGnGw==",
      "requires": {
        "buffer-from": "^1.0.0",
        "source-map": "^0.6.0"
      }
    },
    "ts-node": {
      "version": "8.10.2",
      "resolved": "https://registry.npmjs.org/ts-node/-/ts-node-8.10.2.tgz",
      "integrity": "sha512-ISJJGgkIpDdBhWVu3jufsWpK3Rzo7bdiIXJjQc0ynKxVOVcg2oIrf2H2cejminGrptVc6q6/uynAHNCuWGbpVA==",
      "dev": true,
      "requires": {
        "arg": "^4.1.0",
        "diff": "^4.0.1",
        "make-error": "^1.1.1",
        "source-map-support": "^0.5.17",
        "yn": "3.1.1"
      }
    },
    "typescript": {
      "version": "3.7.5",
      "resolved": "https://registry.npmjs.org/typescript/-/typescript-3.7.5.tgz",
      "integrity": "sha512-/P5lkRXkWHNAbcJIiHPfRoKqyd7bsyCma1hZNUGfn20qm64T6ZBlrzprymeu918H+mB/0rIg2gGK/BXkhhYgBw==",
      "dev": true
    },
    "yn": {
      "version": "3.1.1",
      "resolved": "https://registry.npmjs.org/yn/-/yn-3.1.1.tgz",
      "integrity": "sha512-Ux4ygGWsu2c7isFWe8Yu1YluJmqVhxqK2cLXNQA5AcC3QfbGNpM7fu0Y8b/z16pXLnFxZYvWhd3fhBY9DLmC6Q==",
      "dev": true
    }
  }
}
